
Microsoft Visual Studio Solution File, Format Version 12.00
# Visual Studio Version 16
VisualStudioVersion = 16.0.29519.87
MinimumVisualStudioVersion = 10.0.40219.1
Project("{FAE04EC0-301F-11D3-BF4B-00C04F79EFBC}") = "CST407_BlowFish", "CST407_BlowFish\CST407_BlowFish.csproj", "{4EA11E26-4AAE-43B7-ACC0-9745FAF0AB5B}"
EndProject
Global
	GlobalSection(SolutionConfigurationPlatforms) = preSolution
		Debug|Any CPU = Debug|Any CPU
		Release|Any CPU = Release|Any CPU
	EndGlobalSection
	GlobalSection(ProjectConfigurationPlatforms) = postSolution
		{4EA11E26-4AAE-43B7-ACC0-9745FAF0AB5B}.Debug|Any CPU.ActiveCfg = Debug|Any CPU
		{4EA11E26-4AAE-43B7-ACC0-9745FAF0AB5B}.Debug|Any CPU.Build.0 = Debug|Any CPU
		{4EA11E26-4AAE-43B7-ACC0-9745FAF0AB5B}.Release|Any CPU.ActiveCfg = Release|Any CPU
		{4EA11E26-4AAE-43B7-ACC0-9745FAF0AB5B}.Release|Any CPU.Build.0 = Release|Any CPU
	EndGlobalSection
	GlobalSection(SolutionProperties) = preSolution
		HideSolutionNode = FALSE
	EndGlobalSection
	GlobalSection(ExtensibilityGlobals) = postSolution
		SolutionGuid = {7D19DD55-2320-40A8-BDBD-D9511A38E167}
	EndGlobalSection
EndGlobal
